// !$*UTF8*$!
{
	archiveVersion = 1;
	classes = {
	};
	objectVersion = 50;
	objects = {

/* Begin PBXBuildFile section */
		EDD8099424A8D002005BEBF1 /* AppDelegate.swift in Sources */ = {isa = PBXBuildFile; fileRef = EDD8099324A8D002005BEBF1 /* AppDelegate.swift */; };
		EDD8099624A8D002005BEBF1 /* SceneDelegate.swift in Sources */ = {isa = PBXBuildFile; fileRef = EDD8099524A8D002005BEBF1 /* SceneDelegate.swift */; };
		EDD8099824A8D002005BEBF1 /* GameViewController.swift in Sources */ = {isa = PBXBuildFile; fileRef = EDD8099724A8D002005BEBF1 /* GameViewController.swift */; };
		EDD8099B24A8D002005BEBF1 /* Main.storyboard in Resources */ = {isa = PBXBuildFile; fileRef = EDD8099924A8D002005BEBF1 /* Main.storyboard */; };
		EDD8099D24A8D004005BEBF1 /* Assets.xcassets in Resources */ = {isa = PBXBuildFile; fileRef = EDD8099C24A8D004005BEBF1 /* Assets.xcassets */; };
		EDD809A024A8D004005BEBF1 /* LaunchScreen.storyboard in Resources */ = {isa = PBXBuildFile; fileRef = EDD8099E24A8D004005BEBF1 /* LaunchScreen.storyboard */; };
		EDD809AB24A8D004005BEBF1 /* Add_1Tests.swift in Sources */ = {isa = PBXBuildFile; fileRef = EDD809AA24A8D004005BEBF1 /* Add_1Tests.swift */; };
		EDD809B624A8D004005BEBF1 /* Add_1UITests.swift in Sources */ = {isa = PBXBuildFile; fileRef = EDD809B524A8D004005BEBF1 /* Add_1UITests.swift */; };
		EDD809D224A8FCF9005BEBF1 /* input.png in Resources */ = {isa = PBXBuildFile; fileRef = EDD809C324A8FCF8005BEBF1 /* input.png */; };
		EDD809D324A8FCF9005BEBF1 /* score.png in Resources */ = {isa = PBXBuildFile; fileRef = EDD809C424A8FCF8005BEBF1 /* score.png */; };
		EDD809D424A8FCF9005BEBF1 /* background@3x.png in Resources */ = {isa = PBXBuildFile; fileRef = EDD809C524A8FCF8005BEBF1 /* background@3x.png */; };
		EDD809D524A8FCF9005BEBF1 /* score@2x.png in Resources */ = {isa = PBXBuildFile; fileRef = EDD809C624A8FCF8005BEBF1 /* score@2x.png */; };
		EDD809D624A8FCF9005BEBF1 /* background.png in Resources */ = {isa = PBXBuildFile; fileRef = EDD809C724A8FCF8005BEBF1 /* background.png */; };
		EDD809D724A8FCF9005BEBF1 /* input@2x@3x.png in Resources */ = {isa = PBXBuildFile; fileRef = EDD809C824A8FCF8005BEBF1 /* input@2x@3x.png */; };
		EDD809D824A8FCF9005BEBF1 /* time.png in Resources */ = {isa = PBXBuildFile; fileRef = EDD809C924A8FCF9005BEBF1 /* time.png */; };
		EDD809D924A8FCF9005BEBF1 /* number.png in Resources */ = {isa = PBXBuildFile; fileRef = EDD809CA24A8FCF9005BEBF1 /* number.png */; };
		EDD809DA24A8FCF9005BEBF1 /* time@2x.png in Resources */ = {isa = PBXBuildFile; fileRef = EDD809CB24A8FCF9005BEBF1 /* time@2x.png */; };
		EDD809DB24A8FCF9005BEBF1 /* background@2x.png in Resources */ = {isa = PBXBuildFile; fileRef = EDD809CC24A8FCF9005BEBF1 /* background@2x.png */; };
		EDD809DC24A8FCF9005BEBF1 /* number@3x.png in Resources */ = {isa = PBXBuildFile; fileRef = EDD809CD24A8FCF9005BEBF1 /* number@3x.png */; };
		EDD809DD24A8FCF9005BEBF1 /* input@2x.png in Resources */ = {isa = PBXBuildFile; fileRef = EDD809CE24A8FCF9005BEBF1 /* input@2x.png */; };
		EDD809DE24A8FCF9005BEBF1 /* time@3x.png in Resources */ = {isa = PBXBuildFile; fileRef = EDD809CF24A8FCF9005BEBF1 /* time@3x.png */; };
		EDD809DF24A8FCF9005BEBF1 /* score@3x.png in Resources */ = {isa = PBXBuildFile; fileRef = EDD809D024A8FCF9005BEBF1 /* score@3x.png */; };
		EDD809E024A8FCF9005BEBF1 /* number@2x.png in Resources */ = {isa = PBXBuildFile; fileRef = EDD809D124A8FCF9005BEBF1 /* number@2x.png */; };
		EDD809E224A8FD8E005BEBF1 /* HVD_Comic_Serif_Pro.otf in Resources */ = {isa = PBXBuildFile; fileRef = EDD809E124A8FD8E005BEBF1 /* HVD_Comic_Serif_Pro.otf */; };
		EDD809E724A91823005BEBF1 /* String.swift in Sources */ = {isa = PBXBuildFile; fileRef = EDD809E624A91823005BEBF1 /* String.swift */; };
		EDD809E824A91823005BEBF1 /* String.swift in Sources */ = {isa = PBXBuildFile; fileRef = EDD809E624A91823005BEBF1 /* String.swift */; };
/* End PBXBuildFile section */

/* Begin PBXContainerItemProxy section */
		EDD809A724A8D004005BEBF1 /* PBXContainerItemProxy */ = {
			isa = PBXContainerItemProxy;
			containerPortal = EDD8098824A8D002005BEBF1 /* Project object */;
			proxyType = 1;
			remoteGlobalIDString = EDD8098F24A8D002005BEBF1;
			remoteInfo = "Add 1";
		};
		EDD809B224A8D004005BEBF1 /* PBXContainerItemProxy */ = {
			isa = PBXContainerItemProxy;
			containerPortal = EDD8098824A8D002005BEBF1 /* Project object */;
			proxyType = 1;
			remoteGlobalIDString = EDD8098F24A8D002005BEBF1;
			remoteInfo = "Add 1";
		};
/* End PBXContainerItemProxy section */

/* Begin PBXFileReference section */
		EDD8099024A8D002005BEBF1 /* Add 1.app */ = {isa = PBXFileReference; explicitFileType = wrapper.application; includeInIndex = 0; path = "Add 1.app"; sourceTree = BUILT_PRODUCTS_DIR; };
		EDD8099324A8D002005BEBF1 /* AppDelegate.swift */ = {isa = PBXFileReference; lastKnownFileType = sourcecode.swift; path = AppDelegate.swift; sourceTree = "<group>"; };
		EDD8099524A8D002005BEBF1 /* SceneDelegate.swift */ = {isa = PBXFileReference; lastKnownFileType = sourcecode.swift; path = SceneDelegate.swift; sourceTree = "<group>"; };
		EDD8099724A8D002005BEBF1 /* GameViewController.swift */ = {isa = PBXFileReference; lastKnownFileType = sourcecode.swift; path = GameViewController.swift; sourceTree = "<group>"; };
		EDD8099A24A8D002005BEBF1 /* Base */ = {isa = PBXFileReference; lastKnownFileType = file.storyboard; name = Base; path = Base.lproj/Main.storyboard; sourceTree = "<group>"; };
		EDD8099C24A8D004005BEBF1 /* Assets.xcassets */ = {isa = PBXFileReference; lastKnownFileType = folder.assetcatalog; path = Assets.xcassets; sourceTree = "<group>"; };
		EDD8099F24A8D004005BEBF1 /* Base */ = {isa = PBXFileReference; lastKnownFileType = file.storyboard; name = Base; path = Base.lproj/LaunchScreen.storyboard; sourceTree = "<group>"; };
		EDD809A124A8D004005BEBF1 /* Info.plist */ = {isa = PBXFileReference; lastKnownFileType = text.plist.xml; path = Info.plist; sourceTree = "<group>"; };
		EDD809A624A8D004005BEBF1 /* Add 1Tests.xctest */ = {isa = PBXFileReference; explicitFileType = wrapper.cfbundle; includeInIndex = 0; path = "Add 1Tests.xctest"; sourceTree = BUILT_PRODUCTS_DIR; };
		EDD809AA24A8D004005BEBF1 /* Add_1Tests.swift */ = {isa = PBXFileReference; lastKnownFileType = sourcecode.swift; path = Add_1Tests.swift; sourceTree = "<group>"; };
		EDD809AC24A8D004005BEBF1 /* Info.plist */ = {isa = PBXFileReference; lastKnownFileType = text.plist.xml; path = Info.plist; sourceTree = "<group>"; };
		EDD809B124A8D004005BEBF1 /* Add 1UITests.xctest */ = {isa = PBXFileReference; explicitFileType = wrapper.cfbundle; includeInIndex = 0; path = "Add 1UITests.xctest"; sourceTree = BUILT_PRODUCTS_DIR; };
		EDD809B524A8D004005BEBF1 /* Add_1UITests.swift */ = {isa = PBXFileReference; lastKnownFileType = sourcecode.swift; path = Add_1UITests.swift; sourceTree = "<group>"; };
		EDD809B724A8D004005BEBF1 /* Info.plist */ = {isa = PBXFileReference; lastKnownFileType = text.plist.xml; path = Info.plist; sourceTree = "<group>"; };
		EDD809C324A8FCF8005BEBF1 /* input.png */ = {isa = PBXFileReference; lastKnownFileType = image.png; name = input.png; path = ../../Assets/input.png; sourceTree = "<group>"; };
		EDD809C424A8FCF8005BEBF1 /* score.png */ = {isa = PBXFileReference; lastKnownFileType = image.png; name = score.png; path = ../../Assets/score.png; sourceTree = "<group>"; };
		EDD809C524A8FCF8005BEBF1 /* background@3x.png */ = {isa = PBXFileReference; lastKnownFileType = image.png; name = "background@3x.png"; path = "../../Assets/background@3x.png"; sourceTree = "<group>"; };
		EDD809C624A8FCF8005BEBF1 /* score@2x.png */ = {isa = PBXFileReference; lastKnownFileType = image.png; name = "score@2x.png"; path = "../../Assets/score@2x.png"; sourceTree = "<group>"; };
		EDD809C724A8FCF8005BEBF1 /* background.png */ = {isa = PBXFileReference; lastKnownFileType = image.png; name = background.png; path = ../../Assets/background.png; sourceTree = "<group>"; };
		EDD809C824A8FCF8005BEBF1 /* input@2x@3x.png */ = {isa = PBXFileReference; lastKnownFileType = image.png; name = "input@2x@3x.png"; path = "../../Assets/input@2x@3x.png"; sourceTree = "<group>"; };
		EDD809C924A8FCF9005BEBF1 /* time.png */ = {isa = PBXFileReference; lastKnownFileType = image.png; name = time.png; path = ../../Assets/time.png; sourceTree = "<group>"; };
		EDD809CA24A8FCF9005BEBF1 /* number.png */ = {isa = PBXFileReference; lastKnownFileType = image.png; name = number.png; path = ../../Assets/number.png; sourceTree = "<group>"; };
		EDD809CB24A8FCF9005BEBF1 /* time@2x.png */ = {isa = PBXFileReference; lastKnownFileType = image.png; name = "time@2x.png"; path = "../../Assets/time@2x.png"; sourceTree = "<group>"; };
		EDD809CC24A8FCF9005BEBF1 /* background@2x.png */ = {isa = PBXFileReference; lastKnownFileType = image.png; name = "background@2x.png"; path = "../../Assets/background@2x.png"; sourceTree = "<group>"; };
		EDD809CD24A8FCF9005BEBF1 /* number@3x.png */ = {isa = PBXFileReference; lastKnownFileType = image.png; name = "number@3x.png"; path = "../../Assets/number@3x.png"; sourceTree = "<group>"; };
		EDD809CE24A8FCF9005BEBF1 /* input@2x.png */ = {isa = PBXFileReference; lastKnownFileType = image.png; name = "input@2x.png"; path = "../../Assets/input@2x.png"; sourceTree = "<group>"; };
		EDD809CF24A8FCF9005BEBF1 /* time@3x.png */ = {isa = PBXFileReference; lastKnownFileType = image.png; name = "time@3x.png"; path = "../../Assets/time@3x.png"; sourceTree = "<group>"; };
		EDD809D024A8FCF9005BEBF1 /* score@3x.png */ = {isa = PBXFileReference; lastKnownFileType = image.png; name = "score@3x.png"; path = "../../Assets/score@3x.png"; sourceTree = "<group>"; };
		EDD809D124A8FCF9005BEBF1 /* number@2x.png */ = {isa = PBXFileReference; lastKnownFileType = image.png; name = "number@2x.png"; path = "../../Assets/number@2x.png"; sourceTree = "<group>"; };
		EDD809E124A8FD8E005BEBF1 /* HVD_Comic_Serif_Pro.otf */ = {isa = PBXFileReference; lastKnownFileType = file; name = HVD_Comic_Serif_Pro.otf; path = "../fonts/HVD-Comic-Serif-Pro/HVD_Comic_Serif_Pro.otf"; sourceTree = "<group>"; };
		EDD809E324A8FE40005BEBF1 /* HVD_Comic_Serif_Pro.otf */ = {isa = PBXFileReference; lastKnownFileType = file; path = HVD_Comic_Serif_Pro.otf; sourceTree = "<group>"; };
		EDD809E624A91823005BEBF1 /* String.swift */ = {isa = PBXFileReference; lastKnownFileType = sourcecode.swift; path = String.swift; sourceTree = "<group>"; };
/* End PBXFileReference section */

/* Begin PBXFrameworksBuildPhase section */
		EDD8098D24A8D002005BEBF1 /* Frameworks */ = {
			isa = PBXFrameworksBuildPhase;
			buildActionMask = 2147483647;
			files = (
			);
			runOnlyForDeploymentPostprocessing = 0;
		};
		EDD809A324A8D004005BEBF1 /* Frameworks */ = {
			isa = PBXFrameworksBuildPhase;
			buildActionMask = 2147483647;
			files = (
			);
			runOnlyForDeploymentPostprocessing = 0;
		};
		EDD809AE24A8D004005BEBF1 /* Frameworks */ = {
			isa = PBXFrameworksBuildPhase;
			buildActionMask = 2147483647;
			files = (
			);
			runOnlyForDeploymentPostprocessing = 0;
		};
/* End PBXFrameworksBuildPhase section */

/* Begin PBXGroup section */
		EDD8098724A8D002005BEBF1 = {
			isa = PBXGroup;
			children = (
				EDD809E124A8FD8E005BEBF1 /* HVD_Comic_Serif_Pro.otf */,
				EDD8099224A8D002005BEBF1 /* Add 1 */,
				EDD809A924A8D004005BEBF1 /* Add 1Tests */,
				EDD809B424A8D004005BEBF1 /* Add 1UITests */,
				EDD8099124A8D002005BEBF1 /* Products */,
				EDD809B724A8D004005BEBF1 /* Info.plist */,
			);
			sourceTree = "<group>";
		};
		EDD8099124A8D002005BEBF1 /* Products */ = {
			isa = PBXGroup;
			children = (
				EDD8099024A8D002005BEBF1 /* Add 1.app */,
				EDD809A624A8D004005BEBF1 /* Add 1Tests.xctest */,
				EDD809B124A8D004005BEBF1 /* Add 1UITests.xctest */,
			);
			name = Products;
			sourceTree = "<group>";
		};
		EDD8099224A8D002005BEBF1 /* Add 1 */ = {
			isa = PBXGroup;
			children = (
				EDD809E324A8FE40005BEBF1 /* HVD_Comic_Serif_Pro.otf */,
				EDD8099324A8D002005BEBF1 /* AppDelegate.swift */,
				EDD8099524A8D002005BEBF1 /* SceneDelegate.swift */,
				EDD8099724A8D002005BEBF1 /* GameViewController.swift */,
				EDD8099924A8D002005BEBF1 /* Main.storyboard */,
				EDD8099C24A8D004005BEBF1 /* Assets.xcassets */,
				EDD809C724A8FCF8005BEBF1 /* background.png */,
				EDD809CC24A8FCF9005BEBF1 /* background@2x.png */,
				EDD809C524A8FCF8005BEBF1 /* background@3x.png */,
				EDD809C324A8FCF8005BEBF1 /* input.png */,
				EDD809CE24A8FCF9005BEBF1 /* input@2x.png */,
				EDD809C824A8FCF8005BEBF1 /* input@2x@3x.png */,
				EDD809CA24A8FCF9005BEBF1 /* number.png */,
				EDD809D124A8FCF9005BEBF1 /* number@2x.png */,
				EDD809CD24A8FCF9005BEBF1 /* number@3x.png */,
				EDD809C424A8FCF8005BEBF1 /* score.png */,
				EDD809C624A8FCF8005BEBF1 /* score@2x.png */,
				EDD809D024A8FCF9005BEBF1 /* score@3x.png */,
				EDD809C924A8FCF9005BEBF1 /* time.png */,
				EDD809CB24A8FCF9005BEBF1 /* time@2x.png */,
				EDD809CF24A8FCF9005BEBF1 /* time@3x.png */,
				EDD8099E24A8D004005BEBF1 /* LaunchScreen.storyboard */,
				EDD809A124A8D004005BEBF1 /* Info.plist */,
				EDD809E624A91823005BEBF1 /* String.swift */,
			);
			path = "Add 1";
			sourceTree = "<group>";
		};
		EDD809A924A8D004005BEBF1 /* Add 1Tests */ = {
			isa = PBXGroup;
			children = (
				EDD809AA24A8D004005BEBF1 /* Add_1Tests.swift */,
				EDD809AC24A8D004005BEBF1 /* Info.plist */,
			);
			path = "Add 1Tests";
			sourceTree = "<group>";
		};
		EDD809B424A8D004005BEBF1 /* Add 1UITests */ = {
			isa = PBXGroup;
			children = (
				EDD809B524A8D004005BEBF1 /* Add_1UITests.swift */,
			);
			path = "Add 1UITests";
			sourceTree = "<group>";
		};
/* End PBXGroup section */

/* Begin PBXNativeTarget section */
		EDD8098F24A8D002005BEBF1 /* Add 1 */ = {
			isa = PBXNativeTarget;
			buildConfigurationList = EDD809BA24A8D004005BEBF1 /* Build configuration list for PBXNativeTarget "Add 1" */;
			buildPhases = (
				EDD8098C24A8D002005BEBF1 /* Sources */,
				EDD8098D24A8D002005BEBF1 /* Frameworks */,
				EDD8098E24A8D002005BEBF1 /* Resources */,
			);
			buildRules = (
			);
			dependencies = (
			);
			name = "Add 1";
			productName = "Add 1";
			productReference = EDD8099024A8D002005BEBF1 /* Add 1.app */;
			productType = "com.apple.product-type.application";
		};
		EDD809A524A8D004005BEBF1 /* Add 1Tests */ = {
			isa = PBXNativeTarget;
			buildConfigurationList = EDD809BD24A8D004005BEBF1 /* Build configuration list for PBXNativeTarget "Add 1Tests" */;
			buildPhases = (
				EDD809A224A8D004005BEBF1 /* Sources */,
				EDD809A324A8D004005BEBF1 /* Frameworks */,
				EDD809A424A8D004005BEBF1 /* Resources */,
			);
			buildRules = (
			);
			dependencies = (
				EDD809A824A8D004005BEBF1 /* PBXTargetDependency */,
			);
			name = "Add 1Tests";
			productName = "Add 1Tests";
			productReference = EDD809A624A8D004005BEBF1 /* Add 1Tests.xctest */;
			productType = "com.apple.product-type.bundle.unit-test";
		};
		EDD809B024A8D004005BEBF1 /* Add 1UITests */ = {
			isa = PBXNativeTarget;
			buildConfigurationList = EDD809C024A8D004005BEBF1 /* Build configuration list for PBXNativeTarget "Add 1UITests" */;
			buildPhases = (
				EDD809AD24A8D004005BEBF1 /* Sources */,
				EDD809AE24A8D004005BEBF1 /* Frameworks */,
				EDD809AF24A8D004005BEBF1 /* Resources */,
			);
			buildRules = (
			);
			dependencies = (
				EDD809B324A8D004005BEBF1 /* PBXTargetDependency */,
			);
			name = "Add 1UITests";
			productName = "Add 1UITests";
			productReference = EDD809B124A8D004005BEBF1 /* Add 1UITests.xctest */;
			productType = "com.apple.product-type.bundle.ui-testing";
		};
/* End PBXNativeTarget section */

/* Begin PBXProject section */
		EDD8098824A8D002005BEBF1 /* Project object */ = {
			isa = PBXProject;
			attributes = {
				LastSwiftUpdateCheck = 1150;
				LastUpgradeCheck = 1150;
				ORGANIZATIONNAME = "Immanuel Potter";
				TargetAttributes = {
					EDD8098F24A8D002005BEBF1 = {
						CreatedOnToolsVersion = 11.5;
					};
					EDD809A524A8D004005BEBF1 = {
						CreatedOnToolsVersion = 11.5;
						TestTargetID = EDD8098F24A8D002005BEBF1;
					};
					EDD809B024A8D004005BEBF1 = {
						CreatedOnToolsVersion = 11.5;
						TestTargetID = EDD8098F24A8D002005BEBF1;
					};
				};
			};
			buildConfigurationList = EDD8098B24A8D002005BEBF1 /* Build configuration list for PBXProject "Add 1" */;
			compatibilityVersion = "Xcode 9.3";
			developmentRegion = en;
			hasScannedForEncodings = 0;
			knownRegions = (
				en,
				Base,
			);
			mainGroup = EDD8098724A8D002005BEBF1;
			productRefGroup = EDD8099124A8D002005BEBF1 /* Products */;
			projectDirPath = "";
			projectRoot = "";
			targets = (
				EDD8098F24A8D002005BEBF1 /* Add 1 */,
				EDD809A524A8D004005BEBF1 /* Add 1Tests */,
				EDD809B024A8D004005BEBF1 /* Add 1UITests */,
			);
		};
/* End PBXProject section */

/* Begin PBXResourcesBuildPhase section */
		EDD8098E24A8D002005BEBF1 /* Resources */ = {
			isa = PBXResourcesBuildPhase;
			buildActionMask = 2147483647;
			files = (
				EDD809D224A8FCF9005BEBF1 /* input.png in Resources */,
				EDD809D624A8FCF9005BEBF1 /* background.png in Resources */,
				EDD809E224A8FD8E005BEBF1 /* HVD_Comic_Serif_Pro.otf in Resources */,
				EDD809D424A8FCF9005BEBF1 /* background@3x.png in Resources */,
				EDD809D924A8FCF9005BEBF1 /* number.png in Resources */,
				EDD809DD24A8FCF9005BEBF1 /* input@2x.png in Resources */,
				EDD809A024A8D004005BEBF1 /* LaunchScreen.storyboard in Resources */,
				EDD809D524A8FCF9005BEBF1 /* score@2x.png in Resources */,
				EDD809DB24A8FCF9005BEBF1 /* background@2x.png in Resources */,
				EDD809DE24A8FCF9005BEBF1 /* time@3x.png in Resources */,
				EDD809D324A8FCF9005BEBF1 /* score.png in Resources */,
				EDD809D824A8FCF9005BEBF1 /* time.png in Resources */,
				EDD8099D24A8D004005BEBF1 /* Assets.xcassets in Resources */,
				EDD809D724A8FCF9005BEBF1 /* input@2x@3x.png in Resources */,
				EDD8099B24A8D002005BEBF1 /* Main.storyboard in Resources */,
				EDD809DF24A8FCF9005BEBF1 /* score@3x.png in Resources */,
				EDD809E024A8FCF9005BEBF1 /* number@2x.png in Resources */,
				EDD809DC24A8FCF9005BEBF1 /* number@3x.png in Resources */,
				EDD809DA24A8FCF9005BEBF1 /* time@2x.png in Resources */,
			);
			runOnlyForDeploymentPostprocessing = 0;
		};
		EDD809A424A8D004005BEBF1 /* Resources */ = {
			isa = PBXResourcesBuildPhase;
			buildActionMask = 2147483647;
			files = (
			);
			runOnlyForDeploymentPostprocessing = 0;
		};
		EDD809AF24A8D004005BEBF1 /* Resources */ = {
			isa = PBXResourcesBuildPhase;
			buildActionMask = 2147483647;
			files = (
			);
			runOnlyForDeploymentPostprocessing = 0;
		};
/* End PBXResourcesBuildPhase section */

/* Begin PBXSourcesBuildPhase section */
		EDD8098C24A8D002005BEBF1 /* Sources */ = {
			isa = PBXSourcesBuildPhase;
			buildActionMask = 2147483647;
			files = (
				EDD8099824A8D002005BEBF1 /* GameViewController.swift in Sources */,
				EDD8099424A8D002005BEBF1 /* AppDelegate.swift in Sources */,
				EDD809E724A91823005BEBF1 /* String.swift in Sources */,
				EDD8099624A8D002005BEBF1 /* SceneDelegate.swift in Sources */,
			);
			runOnlyForDeploymentPostprocessing = 0;
		};
		EDD809A224A8D004005BEBF1 /* Sources */ = {
			isa = PBXSourcesBuildPhase;
			buildActionMask = 2147483647;
			files = (
				EDD809E824A91823005BEBF1 /* String.swift in Sources */,
				EDD809AB24A8D004005BEBF1 /* Add_1Tests.swift in Sources */,
			);
			runOnlyForDeploymentPostprocessing = 0;
		};
		EDD809AD24A8D004005BEBF1 /* Sources */ = {
			isa = PBXSourcesBuildPhase;
			buildActionMask = 2147483647;
			files = (
				EDD809B624A8D004005BEBF1 /* Add_1UITests.swift in Sources */,
			);
			runOnlyForDeploymentPostprocessing = 0;
		};
/* End PBXSourcesBuildPhase section */

/* Begin PBXTargetDependency section */
		EDD809A824A8D004005BEBF1 /* PBXTargetDependency */ = {
			isa = PBXTargetDependency;
			target = EDD8098F24A8D002005BEBF1 /* Add 1 */;
			targetProxy = EDD809A724A8D004005BEBF1 /* PBXContainerItemProxy */;
		};
		EDD809B324A8D004005BEBF1 /* PBXTargetDependency */ = {
			isa = PBXTargetDependency;
			target = EDD8098F24A8D002005BEBF1 /* Add 1 */;
			targetProxy = EDD809B224A8D004005BEBF1 /* PBXContainerItemProxy */;
		};
/* End PBXTargetDependency section */

/* Begin PBXVariantGroup section */
		EDD8099924A8D002005BEBF1 /* Main.storyboard */ = {
			isa = PBXVariantGroup;
			children = (
				EDD8099A24A8D002005BEBF1 /* Base */,
			);
			name = Main.storyboard;
			sourceTree = "<group>";
		};
		EDD8099E24A8D004005BEBF1 /* LaunchScreen.storyboard */ = {
			isa = PBXVariantGroup;
			children = (
				EDD8099F24A8D004005BEBF1 /* Base */,
			);
			name = LaunchScreen.storyboard;
			sourceTree = "<group>";
		};
/* End PBXVariantGroup section */

/* Begin XCBuildConfiguration section */
		EDD809B824A8D004005BEBF1 /* Debug */ = {
			isa = XCBuildConfiguration;
			buildSettings = {
				ALWAYS_SEARCH_USER_PATHS = NO;
				CLANG_ANALYZER_NONNULL = YES;
				CLANG_ANALYZER_NUMBER_OBJECT_CONVERSION = YES_AGGRESSIVE;
				CLANG_CXX_LANGUAGE_STANDARD = "gnu++14";
				CLANG_CXX_LIBRARY = "libc++";
				CLANG_ENABLE_MODULES = YES;
				CLANG_ENABLE_OBJC_ARC = YES;
				CLANG_ENABLE_OBJC_WEAK = YES;
				CLANG_WARN_BLOCK_CAPTURE_AUTORELEASING = YES;
				CLANG_WARN_BOOL_CONVERSION = YES;
				CLANG_WARN_COMMA = YES;
				CLANG_WARN_CONSTANT_CONVERSION = YES;
				CLANG_WARN_DEPRECATED_OBJC_IMPLEMENTATIONS = YES;
				CLANG_WARN_DIRECT_OBJC_ISA_USAGE = YES_ERROR;
				CLANG_WARN_DOCUMENTATION_COMMENTS = YES;
				CLANG_WARN_EMPTY_BODY = YES;
				CLANG_WARN_ENUM_CONVERSION = YES;
				CLANG_WARN_INFINITE_RECURSION = YES;
				CLANG_WARN_INT_CONVERSION = YES;
				CLANG_WARN_NON_LITERAL_NULL_CONVERSION = YES;
				CLANG_WARN_OBJC_IMPLICIT_RETAIN_SELF = YES;
				CLANG_WARN_OBJC_LITERAL_CONVERSION = YES;
				CLANG_WARN_OBJC_ROOT_CLASS = YES_ERROR;
				CLANG_WARN_RANGE_LOOP_ANALYSIS = YES;
				CLANG_WARN_STRICT_PROTOTYPES = YES;
				CLANG_WARN_SUSPICIOUS_MOVE = YES;
				CLANG_WARN_UNGUARDED_AVAILABILITY = YES_AGGRESSIVE;
				CLANG_WARN_UNREACHABLE_CODE = YES;
				CLANG_WARN__DUPLICATE_METHOD_MATCH = YES;
				COPY_PHASE_STRIP = NO;
				DEBUG_INFORMATION_FORMAT = dwarf;
				ENABLE_STRICT_OBJC_MSGSEND = YES;
				ENABLE_TESTABILITY = YES;
				GCC_C_LANGUAGE_STANDARD = gnu11;
				GCC_DYNAMIC_NO_PIC = NO;
				GCC_NO_COMMON_BLOCKS = YES;
				GCC_OPTIMIZATION_LEVEL = 0;
				GCC_PREPROCESSOR_DEFINITIONS = (
					"DEBUG=1",
					"$(inherited)",
				);
				GCC_WARN_64_TO_32_BIT_CONVERSION = YES;
				GCC_WARN_ABOUT_RETURN_TYPE = YES_ERROR;
				GCC_WARN_UNDECLARED_SELECTOR = YES;
				GCC_WARN_UNINITIALIZED_AUTOS = YES_AGGRESSIVE;
				GCC_WARN_UNUSED_FUNCTION = YES;
				GCC_WARN_UNUSED_VARIABLE = YES;
				IPHONEOS_DEPLOYMENT_TARGET = 13.5;
				MTL_ENABLE_DEBUG_INFO = INCLUDE_SOURCE;
				MTL_FAST_MATH = YES;
				ONLY_ACTIVE_ARCH = YES;
				SDKROOT = iphoneos;
				SWIFT_ACTIVE_COMPILATION_CONDITIONS = DEBUG;
				SWIFT_OPTIMIZATION_LEVEL = "-Onone";
			};
			name = Debug;
		};
		EDD809B924A8D004005BEBF1 /* Release */ = {
			isa = XCBuildConfiguration;
			buildSettings = {
				ALWAYS_SEARCH_USER_PATHS = NO;
				CLANG_ANALYZER_NONNULL = YES;
				CLANG_ANALYZER_NUMBER_OBJECT_CONVERSION = YES_AGGRESSIVE;
				CLANG_CXX_LANGUAGE_STANDARD = "gnu++14";
				CLANG_CXX_LIBRARY = "libc++";
				CLANG_ENABLE_MODULES = YES;
				CLANG_ENABLE_OBJC_ARC = YES;
				CLANG_ENABLE_OBJC_WEAK = YES;
				CLANG_WARN_BLOCK_CAPTURE_AUTORELEASING = YES;
				CLANG_WARN_BOOL_CONVERSION = YES;
				CLANG_WARN_COMMA = YES;
				CLANG_WARN_CONSTANT_CONVERSION = YES;
				CLANG_WARN_DEPRECATED_OBJC_IMPLEMENTATIONS = YES;
				CLANG_WARN_DIRECT_OBJC_ISA_USAGE = YES_ERROR;
				CLANG_WARN_DOCUMENTATION_COMMENTS = YES;
				CLANG_WARN_EMPTY_BODY = YES;
				CLANG_WARN_ENUM_CONVERSION = YES;
				CLANG_WARN_INFINITE_RECURSION = YES;
				CLANG_WARN_INT_CONVERSION = YES;
				CLANG_WARN_NON_LITERAL_NULL_CONVERSION = YES;
				CLANG_WARN_OBJC_IMPLICIT_RETAIN_SELF = YES;
				CLANG_WARN_OBJC_LITERAL_CONVERSION = YES;
				CLANG_WARN_OBJC_ROOT_CLASS = YES_ERROR;
				CLANG_WARN_RANGE_LOOP_ANALYSIS = YES;
				CLANG_WARN_STRICT_PROTOTYPES = YES;
				CLANG_WARN_SUSPICIOUS_MOVE = YES;
				CLANG_WARN_UNGUARDED_AVAILABILITY = YES_AGGRESSIVE;
				CLANG_WARN_UNREACHABLE_CODE = YES;
				CLANG_WARN__DUPLICATE_METHOD_MATCH = YES;
				COPY_PHASE_STRIP = NO;
				DEBUG_INFORMATION_FORMAT = "dwarf-with-dsym";
				ENABLE_NS_ASSERTIONS = NO;
				ENABLE_STRICT_OBJC_MSGSEND = YES;
				GCC_C_LANGUAGE_STANDARD = gnu11;
				GCC_NO_COMMON_BLOCKS = YES;
				GCC_WARN_64_TO_32_BIT_CONVERSION = YES;
				GCC_WARN_ABOUT_RETURN_TYPE = YES_ERROR;
				GCC_WARN_UNDECLARED_SELECTOR = YES;
				GCC_WARN_UNINITIALIZED_AUTOS = YES_AGGRESSIVE;
				GCC_WARN_UNUSED_FUNCTION = YES;
				GCC_WARN_UNUSED_VARIABLE = YES;
				IPHONEOS_DEPLOYMENT_TARGET = 13.5;
				MTL_ENABLE_DEBUG_INFO = NO;
				MTL_FAST_MATH = YES;
				SDKROOT = iphoneos;
				SWIFT_COMPILATION_MODE = wholemodule;
				SWIFT_OPTIMIZATION_LEVEL = "-O";
				VALIDATE_PRODUCT = YES;
			};
			name = Release;
		};
		EDD809BB24A8D004005BEBF1 /* Debug */ = {
			isa = XCBuildConfiguration;
			buildSettings = {
				ASSETCATALOG_COMPILER_APPICON_NAME = AppIcon;
				CODE_SIGN_STYLE = Automatic;
				INFOPLIST_FILE = "Add 1/Info.plist";
				LD_RUNPATH_SEARCH_PATHS = (
					"$(inherited)",
					"@executable_path/Frameworks",
				);
				PRODUCT_BUNDLE_IDENTIFIER = "immanuelpotter.Add-1";
				PRODUCT_NAME = "$(TARGET_NAME)";
				SWIFT_VERSION = 5.0;
				TARGETED_DEVICE_FAMILY = "1,2";
			};
			name = Debug;
		};
		EDD809BC24A8D004005BEBF1 /* Release */ = {
			isa = XCBuildConfiguration;
			buildSettings = {
				ASSETCATALOG_COMPILER_APPICON_NAME = AppIcon;
				CODE_SIGN_STYLE = Automatic;
				INFOPLIST_FILE = "Add 1/Info.plist";
				LD_RUNPATH_SEARCH_PATHS = (
					"$(inherited)",
					"@executable_path/Frameworks",
				);
				PRODUCT_BUNDLE_IDENTIFIER = "immanuelpotter.Add-1";
				PRODUCT_NAME = "$(TARGET_NAME)";
				SWIFT_VERSION = 5.0;
				TARGETED_DEVICE_FAMILY = "1,2";
			};
			name = Release;
		};
		EDD809BE24A8D004005BEBF1 /* Debug */ = {
			isa = XCBuildConfiguration;
			buildSettings = {
				ALWAYS_EMBED_SWIFT_STANDARD_LIBRARIES = YES;
				BUNDLE_LOADER = "$(TEST_HOST)";
				CODE_SIGN_STYLE = Automatic;
				INFOPLIST_FILE = "Add 1Tests/Info.plist";
				IPHONEOS_DEPLOYMENT_TARGET = 13.5;
				LD_RUNPATH_SEARCH_PATHS = (
					"$(inherited)",
					"@executable_path/Frameworks",
					"@loader_path/Frameworks",
				);
				PRODUCT_BUNDLE_IDENTIFIER = "immanuelpotter.Add-1Tests";
				PRODUCT_NAME = "$(TARGET_NAME)";
				SWIFT_VERSION = 5.0;
				TARGETED_DEVICE_FAMILY = "1,2";
				TEST_HOST = "$(BUILT_PRODUCTS_DIR)/Add 1.app/Add 1";
			};
			name = Debug;
		};
		EDD809BF24A8D004005BEBF1 /* Release */ = {
			isa = XCBuildConfiguration;
			buildSettings = {
				ALWAYS_EMBED_SWIFT_STANDARD_LIBRARIES = YES;
				BUNDLE_LOADER = "$(TEST_HOST)";
				CODE_SIGN_STYLE = Automatic;
				INFOPLIST_FILE = "Add 1Tests/Info.plist";
				IPHONEOS_DEPLOYMENT_TARGET = 13.5;
				LD_RUNPATH_SEARCH_PATHS = (
					"$(inherited)",
					"@executable_path/Frameworks",
					"@loader_path/Frameworks",
				);
				PRODUCT_BUNDLE_IDENTIFIER = "immanuelpotter.Add-1Tests";
				PRODUCT_NAME = "$(TARGET_NAME)";
				SWIFT_VERSION = 5.0;
				TARGETED_DEVICE_FAMILY = "1,2";
				TEST_HOST = "$(BUILT_PRODUCTS_DIR)/Add 1.app/Add 1";
			};
			name = Release;
		};
		EDD809C124A8D004005BEBF1 /* Debug */ = {
			isa = XCBuildConfiguration;
			buildSettings = {
				ALWAYS_EMBED_SWIFT_STANDARD_LIBRARIES = YES;
				CODE_SIGN_STYLE = Automatic;
				INFOPLIST_FILE = "Add 1UITests/Info.plist";
				LD_RUNPATH_SEARCH_PATHS = (
					"$(inherited)",
					"@executable_path/Frameworks",
					"@loader_path/Frameworks",
				);
				PRODUCT_BUNDLE_IDENTIFIER = "immanuelpotter.Add-1UITests";
				PRODUCT_NAME = "$(TARGET_NAME)";
				SWIFT_VERSION = 5.0;
				TARGETED_DEVICE_FAMILY = "1,2";
				TEST_TARGET_NAME = "Add 1";
			};
			name = Debug;
		};
		EDD809C224A8D004005BEBF1 /* Release */ = {
			isa = XCBuildConfiguration;
			buildSettings = {
				ALWAYS_EMBED_SWIFT_STANDARD_LIBRARIES = YES;
				CODE_SIGN_STYLE = Automatic;
				INFOPLIST_FILE = "Add 1UITests/Info.plist";
				LD_RUNPATH_SEARCH_PATHS = (
					"$(inherited)",
					"@executable_path/Frameworks",
					"@loader_path/Frameworks",
				);
				PRODUCT_BUNDLE_IDENTIFIER = "immanuelpotter.Add-1UITests";
				PRODUCT_NAME = "$(TARGET_NAME)";
				SWIFT_VERSION = 5.0;
				TARGETED_DEVICE_FAMILY = "1,2";
				TEST_TARGET_NAME = "Add 1";
			};
			name = Release;
		};
/* End XCBuildConfiguration section */

/* Begin XCConfigurationList section */
		EDD8098B24A8D002005BEBF1 /* Build configuration list for PBXProject "Add 1" */ = {
			isa = XCConfigurationList;
			buildConfigurations = (
				EDD809B824A8D004005BEBF1 /* Debug */,
				EDD809B924A8D004005BEBF1 /* Release */,
			);
			defaultConfigurationIsVisible = 0;
			defaultConfigurationName = Release;
		};
		EDD809BA24A8D004005BEBF1 /* Build configuration list for PBXNativeTarget "Add 1" */ = {
			isa = XCConfigurationList;
			buildConfigurations = (
				EDD809BB24A8D004005BEBF1 /* Debug */,
				EDD809BC24A8D004005BEBF1 /* Release */,
			);
			defaultConfigurationIsVisible = 0;
			defaultConfigurationName = Release;
		};
		EDD809BD24A8D004005BEBF1 /* Build configuration list for PBXNativeTarget "Add 1Tests" */ = {
			isa = XCConfigurationList;
			buildConfigurations = (
				EDD809BE24A8D004005BEBF1 /* Debug */,
				EDD809BF24A8D004005BEBF1 /* Release */,
			);
			defaultConfigurationIsVisible = 0;
			defaultConfigurationName = Release;
		};
		EDD809C024A8D004005BEBF1 /* Build configuration list for PBXNativeTarget "Add 1UITests" */ = {
			isa = XCConfigurationList;
			buildConfigurations = (
				EDD809C124A8D004005BEBF1 /* Debug */,
				EDD809C224A8D004005BEBF1 /* Release */,
			);
			defaultConfigurationIsVisible = 0;
			defaultConfigurationName = Release;
		};
/* End XCConfigurationList section */
	};
	rootObject = EDD8098824A8D002005BEBF1 /* Project object */;
}
